
Microsoft Visual Studio Solution File, Format Version 12.00
# Visual Studio Version 17
VisualStudioVersion = 17.5.002.0
MinimumVisualStudioVersion = 10.0.40219.1
Project("{9A19103F-16F7-4668-BE54-9A1E7A4F7556}") = "Phi3.Aspire.SK.API", "Phi3.Aspire.SK.API.csproj", "{2FEB9536-8225-489D-AA60-2B8F0901852D}"
EndProject
Global
	GlobalSection(SolutionConfigurationPlatforms) = preSolution
		Debug|Any CPU = Debug|Any CPU
		Release|Any CPU = Release|Any CPU
	EndGlobalSection
	GlobalSection(ProjectConfigurationPlatforms) = postSolution
		{2FEB9536-8225-489D-AA60-2B8F0901852D}.Debug|Any CPU.ActiveCfg = Debug|Any CPU
		{2FEB9536-8225-489D-AA60-2B8F0901852D}.Debug|Any CPU.Build.0 = Debug|Any CPU
		{2FEB9536-8225-489D-AA60-2B8F0901852D}.Release|Any CPU.ActiveCfg = Release|Any CPU
		{2FEB9536-8225-489D-AA60-2B8F0901852D}.Release|Any CPU.Build.0 = Release|Any CPU
	EndGlobalSection
	GlobalSection(SolutionProperties) = preSolution
		HideSolutionNode = FALSE
	EndGlobalSection
	GlobalSection(ExtensibilityGlobals) = postSolution
		SolutionGuid = {D0A7D95C-8DD5-4403-A49D-248BDE0342F2}
	EndGlobalSection
EndGlobal
